
Microsoft Visual Studio Solution File, Format Version 12.00
# Visual Studio 15
VisualStudioVersion = 15.0.28010.2036
MinimumVisualStudioVersion = 10.0.40219.1
Project("{FAE04EC0-301F-11D3-BF4B-00C04F79EFBC}") = "TechStoreMvcArchitecture.Data", "TechStoreMvcArchitecture.Data\TechStoreMvcArchitecture.Data.csproj", "{32D56C09-D073-4850-861B-4F279C801162}"
EndProject
Project("{FAE04EC0-301F-11D3-BF4B-00C04F79EFBC}") = "TechStoreMvcArchitecture.Model", "TechStoreMvcArchitecture.Model\TechStoreMvcArchitecture.Model.csproj", "{69357FA1-1461-4C5F-8212-1435224D041E}"
EndProject
Project("{FAE04EC0-301F-11D3-BF4B-00C04F79EFBC}") = "TechStoreMvcArchitecture.Api", "TechStoreMvcArchitecture.Api\TechStoreMvcArchitecture.Api.csproj", "{1C821CC7-AD6E-463A-BCA7-76AF47B155AB}"
EndProject
Project("{FAE04EC0-301F-11D3-BF4B-00C04F79EFBC}") = "TechStoreMvcArchitecture.Service", "TechStoreMvcArchitecture.Service\TechStoreMvcArchitecture.Service.csproj", "{4143F42B-001C-41BD-A967-B96937B6240C}"
EndProject
Global
	GlobalSection(SolutionConfigurationPlatforms) = preSolution
		Debug|Any CPU = Debug|Any CPU
		Release|Any CPU = Release|Any CPU
	EndGlobalSection
	GlobalSection(ProjectConfigurationPlatforms) = postSolution
		{32D56C09-D073-4850-861B-4F279C801162}.Debug|Any CPU.ActiveCfg = Debug|Any CPU
		{32D56C09-D073-4850-861B-4F279C801162}.Debug|Any CPU.Build.0 = Debug|Any CPU
		{32D56C09-D073-4850-861B-4F279C801162}.Release|Any CPU.ActiveCfg = Release|Any CPU
		{32D56C09-D073-4850-861B-4F279C801162}.Release|Any CPU.Build.0 = Release|Any CPU
		{69357FA1-1461-4C5F-8212-1435224D041E}.Debug|Any CPU.ActiveCfg = Debug|Any CPU
		{69357FA1-1461-4C5F-8212-1435224D041E}.Debug|Any CPU.Build.0 = Debug|Any CPU
		{69357FA1-1461-4C5F-8212-1435224D041E}.Release|Any CPU.ActiveCfg = Release|Any CPU
		{69357FA1-1461-4C5F-8212-1435224D041E}.Release|Any CPU.Build.0 = Release|Any CPU
		{1C821CC7-AD6E-463A-BCA7-76AF47B155AB}.Debug|Any CPU.ActiveCfg = Debug|Any CPU
		{1C821CC7-AD6E-463A-BCA7-76AF47B155AB}.Debug|Any CPU.Build.0 = Debug|Any CPU
		{1C821CC7-AD6E-463A-BCA7-76AF47B155AB}.Release|Any CPU.ActiveCfg = Release|Any CPU
		{1C821CC7-AD6E-463A-BCA7-76AF47B155AB}.Release|Any CPU.Build.0 = Release|Any CPU
		{4143F42B-001C-41BD-A967-B96937B6240C}.Debug|Any CPU.ActiveCfg = Debug|Any CPU
		{4143F42B-001C-41BD-A967-B96937B6240C}.Debug|Any CPU.Build.0 = Debug|Any CPU
		{4143F42B-001C-41BD-A967-B96937B6240C}.Release|Any CPU.ActiveCfg = Release|Any CPU
		{4143F42B-001C-41BD-A967-B96937B6240C}.Release|Any CPU.Build.0 = Release|Any CPU
	EndGlobalSection
	GlobalSection(SolutionProperties) = preSolution
		HideSolutionNode = FALSE
	EndGlobalSection
	GlobalSection(ExtensibilityGlobals) = postSolution
		SolutionGuid = {4D46BA99-B16F-4A00-969D-ABEC8DF13EF8}
	EndGlobalSection
EndGlobal
